{
  "nodes": {
    "nixCats": {
      "locked": {
        "dir": "nix",
        "lastModified": 1724151203,
        "narHash": "sha256-3vN0fIdCRC9i8uQpkaHe/BHGgIsC74OVlWt1FvnqOCA=",
        "owner": "BirdeeHub",
        "repo": "nixCats-nvim",
        "rev": "f57bcf909c6e7e277f1ea1ed7a69f58046e2a2a0",
        "type": "github"
      },
      "original": {
        "dir": "nix",
        "owner": "BirdeeHub",
        "repo": "nixCats-nvim",
        "type": "github"
      }
    },
    "nixpkgs": {
      "locked": {
        "lastModified": 1724363052,
        "narHash": "sha256-Nf/iQWamRVAwAPFccQMfm5Qcf+rLLnU1rWG3f9orDVE=",
        "owner": "nixos",
        "repo": "nixpkgs",
        "rev": "5de1564aed415bf9d0f281461babc2d101dd49ff",
        "type": "github"
      },
      "original": {
        "owner": "nixos",
        "ref": "nixpkgs-unstable",
        "repo": "nixpkgs",
        "type": "github"
      }
    },
    "root": {
      "inputs": {
        "nixCats": "nixCats",
        "nixpkgs": "nixpkgs"
      }
    }
  },
  "root": "root",
  "version": 7
}
